
Microsoft Visual Studio Solution File, Format Version 12.00
# Visual Studio Version 17
VisualStudioVersion = 17.4.33213.308
MinimumVisualStudioVersion = 10.0.40219.1
Project("{FAE04EC0-301F-11D3-BF4B-00C04F79EFBC}") = "InnovaDiscs", "InnovaDiscs\InnovaDiscs.csproj", "{517EC65C-C47A-42D5-B523-01C5AF18098B}"
EndProject
Project("{FAE04EC0-301F-11D3-BF4B-00C04F79EFBC}") = "DiscTest", "DiscTest\DiscTest.csproj", "{D7CE3C8E-6E20-4D2F-AACB-BB70CAB6D9F5}"
EndProject
Global
	GlobalSection(SolutionConfigurationPlatforms) = preSolution
		Debug|Any CPU = Debug|Any CPU
		Release|Any CPU = Release|Any CPU
	EndGlobalSection
	GlobalSection(ProjectConfigurationPlatforms) = postSolution
		{517EC65C-C47A-42D5-B523-01C5AF18098B}.Debug|Any CPU.ActiveCfg = Debug|Any CPU
		{517EC65C-C47A-42D5-B523-01C5AF18098B}.Debug|Any CPU.Build.0 = Debug|Any CPU
		{517EC65C-C47A-42D5-B523-01C5AF18098B}.Release|Any CPU.ActiveCfg = Release|Any CPU
		{517EC65C-C47A-42D5-B523-01C5AF18098B}.Release|Any CPU.Build.0 = Release|Any CPU
		{D7CE3C8E-6E20-4D2F-AACB-BB70CAB6D9F5}.Debug|Any CPU.ActiveCfg = Debug|Any CPU
		{D7CE3C8E-6E20-4D2F-AACB-BB70CAB6D9F5}.Debug|Any CPU.Build.0 = Debug|Any CPU
		{D7CE3C8E-6E20-4D2F-AACB-BB70CAB6D9F5}.Release|Any CPU.ActiveCfg = Release|Any CPU
		{D7CE3C8E-6E20-4D2F-AACB-BB70CAB6D9F5}.Release|Any CPU.Build.0 = Release|Any CPU
	EndGlobalSection
	GlobalSection(SolutionProperties) = preSolution
		HideSolutionNode = FALSE
	EndGlobalSection
	GlobalSection(ExtensibilityGlobals) = postSolution
		SolutionGuid = {E83C8B1D-BD5D-400E-997B-F1D08623CEF1}
	EndGlobalSection
EndGlobal
